// !$*UTF8*$!
{
	archiveVersion = 1;
	classes = {
	};
	objectVersion = 46;
	objects = {

/* Begin PBXBuildFile section */
		60E5964C6C35D579E850D3F7 /* Pods.framework in Frameworks */ = {isa = PBXBuildFile; fileRef = 369C2C46D81302EF1865882C /* Pods.framework */; };
		840FB46F1C2F7333007725B1 /* Spotify.framework in Frameworks */ = {isa = PBXBuildFile; fileRef = 840FB46E1C2F7333007725B1 /* Spotify.framework */; };
		843AF94D1C1B24D4009A8F75 /* Foundation.framework in Frameworks */ = {isa = PBXBuildFile; fileRef = 843AF94C1C1B24D4009A8F75 /* Foundation.framework */; };
		843AF94F1C1B2856009A8F75 /* SystemConfiguration.framework in Frameworks */ = {isa = PBXBuildFile; fileRef = 843AF94E1C1B2856009A8F75 /* SystemConfiguration.framework */; };
		843AF9531C1B2EE8009A8F75 /* Soundcloud.framework in Frameworks */ = {isa = PBXBuildFile; fileRef = 843AF9521C1B2EE8009A8F75 /* Soundcloud.framework */; };
		844792DA1C470C7B0044FE07 /* CircleSlider.framework in Frameworks */ = {isa = PBXBuildFile; fileRef = 844792D91C470C7B0044FE07 /* CircleSlider.framework */; };
		845557D41C3C694000FD6C12 /* Extensions.swift in Sources */ = {isa = PBXBuildFile; fileRef = 845557D31C3C694000FD6C12 /* Extensions.swift */; };
		845557D61C3C6DCE00FD6C12 /* Black&WhiteSoundcloud.png in Resources */ = {isa = PBXBuildFile; fileRef = 845557D51C3C6DCE00FD6C12 /* Black&WhiteSoundcloud.png */; };
		845557D81C3C6E3200FD6C12 /* SoundcloudTableCell.swift in Sources */ = {isa = PBXBuildFile; fileRef = 845557D71C3C6E3200FD6C12 /* SoundcloudTableCell.swift */; };
		845B47291BF68FE10043AC08 /* AppDelegate.swift in Sources */ = {isa = PBXBuildFile; fileRef = 845B47281BF68FE10043AC08 /* AppDelegate.swift */; };
		845B472B1BF68FE10043AC08 /* LoginViewController.swift in Sources */ = {isa = PBXBuildFile; fileRef = 845B472A1BF68FE10043AC08 /* LoginViewController.swift */; };
		845B472E1BF68FE10043AC08 /* Main.storyboard in Resources */ = {isa = PBXBuildFile; fileRef = 845B472C1BF68FE10043AC08 /* Main.storyboard */; };
		845B47301BF68FE10043AC08 /* Assets.xcassets in Resources */ = {isa = PBXBuildFile; fileRef = 845B472F1BF68FE10043AC08 /* Assets.xcassets */; };
		845B47331BF68FE10043AC08 /* LaunchScreen.storyboard in Resources */ = {isa = PBXBuildFile; fileRef = 845B47311BF68FE10043AC08 /* LaunchScreen.storyboard */; };
		845B473E1BF68FE20043AC08 /* SpotifyAPITestTests.swift in Sources */ = {isa = PBXBuildFile; fileRef = 845B473D1BF68FE20043AC08 /* SpotifyAPITestTests.swift */; };
		845B47491BF68FE20043AC08 /* SpotifyAPITestUITests.swift in Sources */ = {isa = PBXBuildFile; fileRef = 845B47481BF68FE20043AC08 /* SpotifyAPITestUITests.swift */; };
		84669FCE1C45A07100694931 /* SoundcloudAPIAccess.swift in Sources */ = {isa = PBXBuildFile; fileRef = 84669FCD1C45A07100694931 /* SoundcloudAPIAccess.swift */; };
		846AF61F1C45CAE100A13F24 /* AFNetworking.framework in Frameworks */ = {isa = PBXBuildFile; fileRef = 846AF61E1C45CAE100A13F24 /* AFNetworking.framework */; };
		846AF6211C45CAE500A13F24 /* MarqueeLabel.framework in Frameworks */ = {isa = PBXBuildFile; fileRef = 846AF6201C45CAE500A13F24 /* MarqueeLabel.framework */; };
		847C066A1C2F6E8800865E33 /* AVFoundation.framework in Frameworks */ = {isa = PBXBuildFile; fileRef = 847C06691C2F6E8800865E33 /* AVFoundation.framework */; };
		849D7FCF1C455D860001A9D6 /* SongPlayerViewController.swift in Sources */ = {isa = PBXBuildFile; fileRef = 849D7FCE1C455D860001A9D6 /* SongPlayerViewController.swift */; };
		84ADEE8B1C3C0205003F5DA7 /* SoundCloudMainViewController.swift in Sources */ = {isa = PBXBuildFile; fileRef = 84ADEE8A1C3C0205003F5DA7 /* SoundCloudMainViewController.swift */; };
		84EFA9731BF6975900B872BC /* OnePasswordExtension.framework in Frameworks */ = {isa = PBXBuildFile; fileRef = 84EFA9701BF6975900B872BC /* OnePasswordExtension.framework */; };
		84EFA9751BF6975900B872BC /* UICKeyChainStore.framework in Frameworks */ = {isa = PBXBuildFile; fileRef = 84EFA9721BF6975900B872BC /* UICKeyChainStore.framework */; };
		84EFA9771BF69A3E00B872BC /* MainViewController.swift in Sources */ = {isa = PBXBuildFile; fileRef = 84EFA9761BF69A3E00B872BC /* MainViewController.swift */; };
/* End PBXBuildFile section */

/* Begin PBXContainerItemProxy section */
		845B473A1BF68FE20043AC08 /* PBXContainerItemProxy */ = {
			isa = PBXContainerItemProxy;
			containerPortal = 845B471D1BF68FE10043AC08 /* Project object */;
			proxyType = 1;
			remoteGlobalIDString = 845B47241BF68FE10043AC08;
			remoteInfo = SpotifyAPITest;
		};
		845B47451BF68FE20043AC08 /* PBXContainerItemProxy */ = {
			isa = PBXContainerItemProxy;
			containerPortal = 845B471D1BF68FE10043AC08 /* Project object */;
			proxyType = 1;
			remoteGlobalIDString = 845B47241BF68FE10043AC08;
			remoteInfo = SpotifyAPITest;
		};
/* End PBXContainerItemProxy section */

/* Begin PBXFileReference section */
		25F37ECB111D65459E373BDD /* Pods.release.xcconfig */ = {isa = PBXFileReference; includeInIndex = 1; lastKnownFileType = text.xcconfig; name = Pods.release.xcconfig; path = "Pods/Target Support Files/Pods/Pods.release.xcconfig"; sourceTree = "<group>"; };
		369C2C46D81302EF1865882C /* Pods.framework */ = {isa = PBXFileReference; explicitFileType = wrapper.framework; includeInIndex = 0; path = Pods.framework; sourceTree = BUILT_PRODUCTS_DIR; };
		840FB46E1C2F7333007725B1 /* Spotify.framework */ = {isa = PBXFileReference; lastKnownFileType = wrapper.framework; name = Spotify.framework; path = "Pods/../build/Debug-iphoneos/Spotify.framework"; sourceTree = "<group>"; };
		843AF94C1C1B24D4009A8F75 /* Foundation.framework */ = {isa = PBXFileReference; lastKnownFileType = wrapper.framework; name = Foundation.framework; path = System/Library/Frameworks/Foundation.framework; sourceTree = SDKROOT; };
		843AF94E1C1B2856009A8F75 /* SystemConfiguration.framework */ = {isa = PBXFileReference; lastKnownFileType = wrapper.framework; name = SystemConfiguration.framework; path = System/Library/Frameworks/SystemConfiguration.framework; sourceTree = SDKROOT; };
		843AF9521C1B2EE8009A8F75 /* Soundcloud.framework */ = {isa = PBXFileReference; lastKnownFileType = wrapper.framework; name = Soundcloud.framework; path = "Pods/../build/Debug-iphoneos/Soundcloud.framework"; sourceTree = "<group>"; };
		844792D91C470C7B0044FE07 /* CircleSlider.framework */ = {isa = PBXFileReference; lastKnownFileType = wrapper.framework; name = CircleSlider.framework; path = "Pods/../build/Debug-iphoneos/CircleSlider.framework"; sourceTree = "<group>"; };
		845557D31C3C694000FD6C12 /* Extensions.swift */ = {isa = PBXFileReference; fileEncoding = 4; lastKnownFileType = sourcecode.swift; path = Extensions.swift; sourceTree = "<group>"; };
		845557D51C3C6DCE00FD6C12 /* Black&WhiteSoundcloud.png */ = {isa = PBXFileReference; lastKnownFileType = image.png; path = "Black&WhiteSoundcloud.png"; sourceTree = "<group>"; };
		845557D71C3C6E3200FD6C12 /* SoundcloudTableCell.swift */ = {isa = PBXFileReference; fileEncoding = 4; lastKnownFileType = sourcecode.swift; path = SoundcloudTableCell.swift; sourceTree = "<group>"; };
		8456026D1C1B019400E4856D /* Spotify.framework */ = {isa = PBXFileReference; lastKnownFileType = wrapper.framework; name = Spotify.framework; path = "Pods/../build/Debug-iphoneos/Spotify.framework"; sourceTree = "<group>"; };
		8456026F1C1B02B000E4856D /* Objective-CBridgingHeader.h */ = {isa = PBXFileReference; fileEncoding = 4; lastKnownFileType = sourcecode.c.h; name = "Objective-CBridgingHeader.h"; path = "../Objective-CBridgingHeader.h"; sourceTree = "<group>"; };
		845B47251BF68FE10043AC08 /* SpotifyAPITest.app */ = {isa = PBXFileReference; explicitFileType = wrapper.application; includeInIndex = 0; path = SpotifyAPITest.app; sourceTree = BUILT_PRODUCTS_DIR; };
		845B47281BF68FE10043AC08 /* AppDelegate.swift */ = {isa = PBXFileReference; lastKnownFileType = sourcecode.swift; path = AppDelegate.swift; sourceTree = "<group>"; };
		845B472A1BF68FE10043AC08 /* LoginViewController.swift */ = {isa = PBXFileReference; lastKnownFileType = sourcecode.swift; path = LoginViewController.swift; sourceTree = "<group>"; };
		845B472D1BF68FE10043AC08 /* Base */ = {isa = PBXFileReference; lastKnownFileType = file.storyboard; name = Base; path = Base.lproj/Main.storyboard; sourceTree = "<group>"; };
		845B472F1BF68FE10043AC08 /* Assets.xcassets */ = {isa = PBXFileReference; lastKnownFileType = folder.assetcatalog; path = Assets.xcassets; sourceTree = "<group>"; };
		845B47321BF68FE10043AC08 /* Base */ = {isa = PBXFileReference; lastKnownFileType = file.storyboard; name = Base; path = Base.lproj/LaunchScreen.storyboard; sourceTree = "<group>"; };
		845B47341BF68FE10043AC08 /* Info.plist */ = {isa = PBXFileReference; lastKnownFileType = text.plist.xml; path = Info.plist; sourceTree = "<group>"; };
		845B47391BF68FE20043AC08 /* SpotifyAPITestTests.xctest */ = {isa = PBXFileReference; explicitFileType = wrapper.cfbundle; includeInIndex = 0; path = SpotifyAPITestTests.xctest; sourceTree = BUILT_PRODUCTS_DIR; };
		845B473D1BF68FE20043AC08 /* SpotifyAPITestTests.swift */ = {isa = PBXFileReference; lastKnownFileType = sourcecode.swift; path = SpotifyAPITestTests.swift; sourceTree = "<group>"; };
		845B473F1BF68FE20043AC08 /* Info.plist */ = {isa = PBXFileReference; lastKnownFileType = text.plist.xml; path = Info.plist; sourceTree = "<group>"; };
		845B47441BF68FE20043AC08 /* SpotifyAPITestUITests.xctest */ = {isa = PBXFileReference; explicitFileType = wrapper.cfbundle; includeInIndex = 0; path = SpotifyAPITestUITests.xctest; sourceTree = BUILT_PRODUCTS_DIR; };
		845B47481BF68FE20043AC08 /* SpotifyAPITestUITests.swift */ = {isa = PBXFileReference; lastKnownFileType = sourcecode.swift; path = SpotifyAPITestUITests.swift; sourceTree = "<group>"; };
		845B474A1BF68FE20043AC08 /* Info.plist */ = {isa = PBXFileReference; lastKnownFileType = text.plist.xml; path = Info.plist; sourceTree = "<group>"; };
		84669FCD1C45A07100694931 /* SoundcloudAPIAccess.swift */ = {isa = PBXFileReference; fileEncoding = 4; lastKnownFileType = sourcecode.swift; path = SoundcloudAPIAccess.swift; sourceTree = "<group>"; };
		846AF61E1C45CAE100A13F24 /* AFNetworking.framework */ = {isa = PBXFileReference; lastKnownFileType = wrapper.framework; name = AFNetworking.framework; path = "Pods/../build/Debug-iphoneos/AFNetworking.framework"; sourceTree = "<group>"; };
		846AF6201C45CAE500A13F24 /* MarqueeLabel.framework */ = {isa = PBXFileReference; lastKnownFileType = wrapper.framework; name = MarqueeLabel.framework; path = "Pods/../build/Debug-iphoneos/MarqueeLabel.framework"; sourceTree = "<group>"; };
		847B6A471BF6955900C2D50E /* CocoaSoundCloudAPI.framework */ = {isa = PBXFileReference; lastKnownFileType = wrapper.framework; name = CocoaSoundCloudAPI.framework; path = "Pods/../build/Debug-iphoneos/CocoaSoundCloudAPI.framework"; sourceTree = "<group>"; };
		847B6A481BF6955900C2D50E /* CocoaSoundCloudUI.framework */ = {isa = PBXFileReference; lastKnownFileType = wrapper.framework; name = CocoaSoundCloudUI.framework; path = "Pods/../build/Debug-iphoneos/CocoaSoundCloudUI.framework"; sourceTree = "<group>"; };
		847B6A491BF6955900C2D50E /* JSONKit.framework */ = {isa = PBXFileReference; lastKnownFileType = wrapper.framework; name = JSONKit.framework; path = "Pods/../build/Debug-iphoneos/JSONKit.framework"; sourceTree = "<group>"; };
		847B6A4A1BF6955900C2D50E /* NXOAuth2Client.framework */ = {isa = PBXFileReference; lastKnownFileType = wrapper.framework; name = NXOAuth2Client.framework; path = "Pods/../build/Debug-iphoneos/NXOAuth2Client.framework"; sourceTree = "<group>"; };
		847B6A4B1BF6955900C2D50E /* OHAttributedLabel.framework */ = {isa = PBXFileReference; lastKnownFileType = wrapper.framework; name = OHAttributedLabel.framework; path = "Pods/../build/Debug-iphoneos/OHAttributedLabel.framework"; sourceTree = "<group>"; };
		847C06691C2F6E8800865E33 /* AVFoundation.framework */ = {isa = PBXFileReference; lastKnownFileType = wrapper.framework; name = AVFoundation.framework; path = System/Library/Frameworks/AVFoundation.framework; sourceTree = SDKROOT; };
		849D7FCC1C455CC90001A9D6 /* InteractivePlayerView.framework */ = {isa = PBXFileReference; lastKnownFileType = wrapper.framework; name = InteractivePlayerView.framework; path = "Pods/../build/Debug-iphoneos/InteractivePlayerView.framework"; sourceTree = "<group>"; };
		849D7FCE1C455D860001A9D6 /* SongPlayerViewController.swift */ = {isa = PBXFileReference; fileEncoding = 4; lastKnownFileType = sourcecode.swift; path = SongPlayerViewController.swift; sourceTree = "<group>"; };
		84ADEE8A1C3C0205003F5DA7 /* SoundCloudMainViewController.swift */ = {isa = PBXFileReference; fileEncoding = 4; lastKnownFileType = sourcecode.swift; path = SoundCloudMainViewController.swift; sourceTree = "<group>"; };
		84EFA9701BF6975900B872BC /* OnePasswordExtension.framework */ = {isa = PBXFileReference; lastKnownFileType = wrapper.framework; name = OnePasswordExtension.framework; path = "Pods/../build/Debug-iphoneos/OnePasswordExtension.framework"; sourceTree = "<group>"; };
		84EFA9711BF6975900B872BC /* Soundcloud.framework */ = {isa = PBXFileReference; lastKnownFileType = wrapper.framework; name = Soundcloud.framework; path = "Pods/../build/Debug-iphoneos/Soundcloud.framework"; sourceTree = "<group>"; };
		84EFA9721BF6975900B872BC /* UICKeyChainStore.framework */ = {isa = PBXFileReference; lastKnownFileType = wrapper.framework; name = UICKeyChainStore.framework; path = "Pods/../build/Debug-iphoneos/UICKeyChainStore.framework"; sourceTree = "<group>"; };
		84EFA9761BF69A3E00B872BC /* MainViewController.swift */ = {isa = PBXFileReference; fileEncoding = 4; lastKnownFileType = sourcecode.swift; path = MainViewController.swift; sourceTree = "<group>"; };
		D56D9E755ECC9A9C282FB320 /* Pods.debug.xcconfig */ = {isa = PBXFileReference; includeInIndex = 1; lastKnownFileType = text.xcconfig; name = Pods.debug.xcconfig; path = "Pods/Target Support Files/Pods/Pods.debug.xcconfig"; sourceTree = "<group>"; };
/* End PBXFileReference section */

/* Begin PBXFrameworksBuildPhase section */
		845B47221BF68FE10043AC08 /* Frameworks */ = {
			isa = PBXFrameworksBuildPhase;
			buildActionMask = 2147483647;
			files = (
				844792DA1C470C7B0044FE07 /* CircleSlider.framework in Frameworks */,
				846AF6211C45CAE500A13F24 /* MarqueeLabel.framework in Frameworks */,
				846AF61F1C45CAE100A13F24 /* AFNetworking.framework in Frameworks */,
				843AF94D1C1B24D4009A8F75 /* Foundation.framework in Frameworks */,
				60E5964C6C35D579E850D3F7 /* Pods.framework in Frameworks */,
				843AF94F1C1B2856009A8F75 /* SystemConfiguration.framework in Frameworks */,
				840FB46F1C2F7333007725B1 /* Spotify.framework in Frameworks */,
				847C066A1C2F6E8800865E33 /* AVFoundation.framework in Frameworks */,
				843AF9531C1B2EE8009A8F75 /* Soundcloud.framework in Frameworks */,
				84EFA9731BF6975900B872BC /* OnePasswordExtension.framework in Frameworks */,
				84EFA9751BF6975900B872BC /* UICKeyChainStore.framework in Frameworks */,
			);
			runOnlyForDeploymentPostprocessing = 0;
		};
		845B47361BF68FE20043AC08 /* Frameworks */ = {
			isa = PBXFrameworksBuildPhase;
			buildActionMask = 2147483647;
			files = (
			);
			runOnlyForDeploymentPostprocessing = 0;
		};
		845B47411BF68FE20043AC08 /* Frameworks */ = {
			isa = PBXFrameworksBuildPhase;
			buildActionMask = 2147483647;
			files = (
			);
			runOnlyForDeploymentPostprocessing = 0;
		};
/* End PBXFrameworksBuildPhase section */

/* Begin PBXGroup section */
		83D0669A11C60B3F133C1CF3 /* Pods */ = {
			isa = PBXGroup;
			children = (
				D56D9E755ECC9A9C282FB320 /* Pods.debug.xcconfig */,
				25F37ECB111D65459E373BDD /* Pods.release.xcconfig */,
			);
			name = Pods;
			sourceTree = "<group>";
		};
		845B471C1BF68FE10043AC08 = {
			isa = PBXGroup;
			children = (
				845B47271BF68FE10043AC08 /* SpotifyAPITest */,
				845B473C1BF68FE20043AC08 /* SpotifyAPITestTests */,
				845B47471BF68FE20043AC08 /* SpotifyAPITestUITests */,
				845B47261BF68FE10043AC08 /* Products */,
				83D0669A11C60B3F133C1CF3 /* Pods */,
				BB1767591B2C07959D250043 /* Frameworks */,
			);
			sourceTree = "<group>";
		};
		845B47261BF68FE10043AC08 /* Products */ = {
			isa = PBXGroup;
			children = (
				845B47251BF68FE10043AC08 /* SpotifyAPITest.app */,
				845B47391BF68FE20043AC08 /* SpotifyAPITestTests.xctest */,
				845B47441BF68FE20043AC08 /* SpotifyAPITestUITests.xctest */,
			);
			name = Products;
			sourceTree = "<group>";
		};
		845B47271BF68FE10043AC08 /* SpotifyAPITest */ = {
			isa = PBXGroup;
			children = (
				845B47281BF68FE10043AC08 /* AppDelegate.swift */,
				845B472A1BF68FE10043AC08 /* LoginViewController.swift */,
				84EFA9761BF69A3E00B872BC /* MainViewController.swift */,
				849D7FCE1C455D860001A9D6 /* SongPlayerViewController.swift */,
				84ADEE8A1C3C0205003F5DA7 /* SoundCloudMainViewController.swift */,
				84669FCD1C45A07100694931 /* SoundcloudAPIAccess.swift */,
				845557D71C3C6E3200FD6C12 /* SoundcloudTableCell.swift */,
				845557D31C3C694000FD6C12 /* Extensions.swift */,
				845B472C1BF68FE10043AC08 /* Main.storyboard */,
				845B472F1BF68FE10043AC08 /* Assets.xcassets */,
				845557D51C3C6DCE00FD6C12 /* Black&WhiteSoundcloud.png */,
				845B47311BF68FE10043AC08 /* LaunchScreen.storyboard */,
				8456026F1C1B02B000E4856D /* Objective-CBridgingHeader.h */,
				845B47341BF68FE10043AC08 /* Info.plist */,
			);
			path = SpotifyAPITest;
			sourceTree = "<group>";
		};
		845B473C1BF68FE20043AC08 /* SpotifyAPITestTests */ = {
			isa = PBXGroup;
			children = (
				845B473D1BF68FE20043AC08 /* SpotifyAPITestTests.swift */,
				845B473F1BF68FE20043AC08 /* Info.plist */,
			);
			path = SpotifyAPITestTests;
			sourceTree = "<group>";
		};
		845B47471BF68FE20043AC08 /* SpotifyAPITestUITests */ = {
			isa = PBXGroup;
			children = (
				845B47481BF68FE20043AC08 /* SpotifyAPITestUITests.swift */,
				845B474A1BF68FE20043AC08 /* Info.plist */,
			);
			path = SpotifyAPITestUITests;
			sourceTree = "<group>";
		};
		BB1767591B2C07959D250043 /* Frameworks */ = {
			isa = PBXGroup;
			children = (
				844792D91C470C7B0044FE07 /* CircleSlider.framework */,
				846AF6201C45CAE500A13F24 /* MarqueeLabel.framework */,
				846AF61E1C45CAE100A13F24 /* AFNetworking.framework */,
				849D7FCC1C455CC90001A9D6 /* InteractivePlayerView.framework */,
				840FB46E1C2F7333007725B1 /* Spotify.framework */,
				847C06691C2F6E8800865E33 /* AVFoundation.framework */,
				843AF9521C1B2EE8009A8F75 /* Soundcloud.framework */,
				843AF94E1C1B2856009A8F75 /* SystemConfiguration.framework */,
				843AF94C1C1B24D4009A8F75 /* Foundation.framework */,
				8456026D1C1B019400E4856D /* Spotify.framework */,
				84EFA9701BF6975900B872BC /* OnePasswordExtension.framework */,
				84EFA9711BF6975900B872BC /* Soundcloud.framework */,
				84EFA9721BF6975900B872BC /* UICKeyChainStore.framework */,
				847B6A471BF6955900C2D50E /* CocoaSoundCloudAPI.framework */,
				847B6A481BF6955900C2D50E /* CocoaSoundCloudUI.framework */,
				847B6A491BF6955900C2D50E /* JSONKit.framework */,
				847B6A4A1BF6955900C2D50E /* NXOAuth2Client.framework */,
				847B6A4B1BF6955900C2D50E /* OHAttributedLabel.framework */,
				369C2C46D81302EF1865882C /* Pods.framework */,
			);
			name = Frameworks;
			sourceTree = "<group>";
		};
/* End PBXGroup section */

/* Begin PBXNativeTarget section */
		845B47241BF68FE10043AC08 /* SpotifyAPITest */ = {
			isa = PBXNativeTarget;
			buildConfigurationList = 845B474D1BF68FE20043AC08 /* Build configuration list for PBXNativeTarget "SpotifyAPITest" */;
			buildPhases = (
				03FE278AFBAAD904F9E4949F /* Check Pods Manifest.lock */,
				845B47211BF68FE10043AC08 /* Sources */,
				845B47221BF68FE10043AC08 /* Frameworks */,
				845B47231BF68FE10043AC08 /* Resources */,
				686BCE83A4A80D8D57279399 /* Embed Pods Frameworks */,
				8F4B08854A0EB40A51C13CD7 /* Copy Pods Resources */,
			);
			buildRules = (
			);
			dependencies = (
			);
			name = SpotifyAPITest;
			productName = SpotifyAPITest;
			productReference = 845B47251BF68FE10043AC08 /* SpotifyAPITest.app */;
			productType = "com.apple.product-type.application";
		};
		845B47381BF68FE20043AC08 /* SpotifyAPITestTests */ = {
			isa = PBXNativeTarget;
			buildConfigurationList = 845B47501BF68FE20043AC08 /* Build configuration list for PBXNativeTarget "SpotifyAPITestTests" */;
			buildPhases = (
				845B47351BF68FE20043AC08 /* Sources */,
				845B47361BF68FE20043AC08 /* Frameworks */,
				845B47371BF68FE20043AC08 /* Resources */,
			);
			buildRules = (
			);
			dependencies = (
				845B473B1BF68FE20043AC08 /* PBXTargetDependency */,
			);
			name = SpotifyAPITestTests;
			productName = SpotifyAPITestTests;
			productReference = 845B47391BF68FE20043AC08 /* SpotifyAPITestTests.xctest */;
			productType = "com.apple.product-type.bundle.unit-test";
		};
		845B47431BF68FE20043AC08 /* SpotifyAPITestUITests */ = {
			isa = PBXNativeTarget;
			buildConfigurationList = 845B47531BF68FE20043AC08 /* Build configuration list for PBXNativeTarget "SpotifyAPITestUITests" */;
			buildPhases = (
				845B47401BF68FE20043AC08 /* Sources */,
				845B47411BF68FE20043AC08 /* Frameworks */,
				845B47421BF68FE20043AC08 /* Resources */,
			);
			buildRules = (
			);
			dependencies = (
				845B47461BF68FE20043AC08 /* PBXTargetDependency */,
			);
			name = SpotifyAPITestUITests;
			productName = SpotifyAPITestUITests;
			productReference = 845B47441BF68FE20043AC08 /* SpotifyAPITestUITests.xctest */;
			productType = "com.apple.product-type.bundle.ui-testing";
		};
/* End PBXNativeTarget section */

/* Begin PBXProject section */
		845B471D1BF68FE10043AC08 /* Project object */ = {
			isa = PBXProject;
			attributes = {
				LastSwiftUpdateCheck = 0710;
				LastUpgradeCheck = 0710;
				ORGANIZATIONNAME = "Nick Zayatz";
				TargetAttributes = {
					845B47241BF68FE10043AC08 = {
						CreatedOnToolsVersion = 7.1.1;
					};
					845B47381BF68FE20043AC08 = {
						CreatedOnToolsVersion = 7.1.1;
						TestTargetID = 845B47241BF68FE10043AC08;
					};
					845B47431BF68FE20043AC08 = {
						CreatedOnToolsVersion = 7.1.1;
						TestTargetID = 845B47241BF68FE10043AC08;
					};
				};
			};
			buildConfigurationList = 845B47201BF68FE10043AC08 /* Build configuration list for PBXProject "SpotifyAPITest" */;
			compatibilityVersion = "Xcode 3.2";
			developmentRegion = English;
			hasScannedForEncodings = 0;
			knownRegions = (
				en,
				Base,
			);
			mainGroup = 845B471C1BF68FE10043AC08;
			productRefGroup = 845B47261BF68FE10043AC08 /* Products */;
			projectDirPath = "";
			projectRoot = "";
			targets = (
				845B47241BF68FE10043AC08 /* SpotifyAPITest */,
				845B47381BF68FE20043AC08 /* SpotifyAPITestTests */,
				845B47431BF68FE20043AC08 /* SpotifyAPITestUITests */,
			);
		};
/* End PBXProject section */

/* Begin PBXResourcesBuildPhase section */
		845B47231BF68FE10043AC08 /* Resources */ = {
			isa = PBXResourcesBuildPhase;
			buildActionMask = 2147483647;
			files = (
				845557D61C3C6DCE00FD6C12 /* Black&WhiteSoundcloud.png in Resources */,
				845B47331BF68FE10043AC08 /* LaunchScreen.storyboard in Resources */,
				845B47301BF68FE10043AC08 /* Assets.xcassets in Resources */,
				845B472E1BF68FE10043AC08 /* Main.storyboard in Resources */,
			);
			runOnlyForDeploymentPostprocessing = 0;
		};
		845B47371BF68FE20043AC08 /* Resources */ = {
			isa = PBXResourcesBuildPhase;
			buildActionMask = 2147483647;
			files = (
			);
			runOnlyForDeploymentPostprocessing = 0;
		};
		845B47421BF68FE20043AC08 /* Resources */ = {
			isa = PBXResourcesBuildPhase;
			buildActionMask = 2147483647;
			files = (
			);
			runOnlyForDeploymentPostprocessing = 0;
		};
/* End PBXResourcesBuildPhase section */

/* Begin PBXShellScriptBuildPhase section */
		03FE278AFBAAD904F9E4949F /* Check Pods Manifest.lock */ = {
			isa = PBXShellScriptBuildPhase;
			buildActionMask = 2147483647;
			files = (
			);
			inputPaths = (
			);
			name = "Check Pods Manifest.lock";
			outputPaths = (
			);
			runOnlyForDeploymentPostprocessing = 0;
			shellPath = /bin/sh;
			shellScript = "diff \"${PODS_ROOT}/../Podfile.lock\" \"${PODS_ROOT}/Manifest.lock\" > /dev/null\nif [[ $? != 0 ]] ; then\n    cat << EOM\nerror: The sandbox is not in sync with the Podfile.lock. Run 'pod install' or update your CocoaPods installation.\nEOM\n    exit 1\nfi\n";
			showEnvVarsInLog = 0;
		};
		686BCE83A4A80D8D57279399 /* Embed Pods Frameworks */ = {
			isa = PBXShellScriptBuildPhase;
			buildActionMask = 2147483647;
			files = (
			);
			inputPaths = (
			);
			name = "Embed Pods Frameworks";
			outputPaths = (
			);
			runOnlyForDeploymentPostprocessing = 0;
			shellPath = /bin/sh;
			shellScript = "\"${SRCROOT}/Pods/Target Support Files/Pods/Pods-frameworks.sh\"\n";
			showEnvVarsInLog = 0;
		};
		8F4B08854A0EB40A51C13CD7 /* Copy Pods Resources */ = {
			isa = PBXShellScriptBuildPhase;
			buildActionMask = 2147483647;
			files = (
			);
			inputPaths = (
			);
			name = "Copy Pods Resources";
			outputPaths = (
			);
			runOnlyForDeploymentPostprocessing = 0;
			shellPath = /bin/sh;
			shellScript = "\"${SRCROOT}/Pods/Target Support Files/Pods/Pods-resources.sh\"\n";
			showEnvVarsInLog = 0;
		};
/* End PBXShellScriptBuildPhase section */

/* Begin PBXSourcesBuildPhase section */
		845B47211BF68FE10043AC08 /* Sources */ = {
			isa = PBXSourcesBuildPhase;
			buildActionMask = 2147483647;
			files = (
				845557D41C3C694000FD6C12 /* Extensions.swift in Sources */,
				849D7FCF1C455D860001A9D6 /* SongPlayerViewController.swift in Sources */,
				84EFA9771BF69A3E00B872BC /* MainViewController.swift in Sources */,
				84ADEE8B1C3C0205003F5DA7 /* SoundCloudMainViewController.swift in Sources */,
				845B472B1BF68FE10043AC08 /* LoginViewController.swift in Sources */,
				84669FCE1C45A07100694931 /* SoundcloudAPIAccess.swift in Sources */,
				845557D81C3C6E3200FD6C12 /* SoundcloudTableCell.swift in Sources */,
				845B47291BF68FE10043AC08 /* AppDelegate.swift in Sources */,
			);
			runOnlyForDeploymentPostprocessing = 0;
		};
		845B47351BF68FE20043AC08 /* Sources */ = {
			isa = PBXSourcesBuildPhase;
			buildActionMask = 2147483647;
			files = (
				845B473E1BF68FE20043AC08 /* SpotifyAPITestTests.swift in Sources */,
			);
			runOnlyForDeploymentPostprocessing = 0;
		};
		845B47401BF68FE20043AC08 /* Sources */ = {
			isa = PBXSourcesBuildPhase;
			buildActionMask = 2147483647;
			files = (
				845B47491BF68FE20043AC08 /* SpotifyAPITestUITests.swift in Sources */,
			);
			runOnlyForDeploymentPostprocessing = 0;
		};
/* End PBXSourcesBuildPhase section */

/* Begin PBXTargetDependency section */
		845B473B1BF68FE20043AC08 /* PBXTargetDependency */ = {
			isa = PBXTargetDependency;
			target = 845B47241BF68FE10043AC08 /* SpotifyAPITest */;
			targetProxy = 845B473A1BF68FE20043AC08 /* PBXContainerItemProxy */;
		};
		845B47461BF68FE20043AC08 /* PBXTargetDependency */ = {
			isa = PBXTargetDependency;
			target = 845B47241BF68FE10043AC08 /* SpotifyAPITest */;
			targetProxy = 845B47451BF68FE20043AC08 /* PBXContainerItemProxy */;
		};
/* End PBXTargetDependency section */

/* Begin PBXVariantGroup section */
		845B472C1BF68FE10043AC08 /* Main.storyboard */ = {
			isa = PBXVariantGroup;
			children = (
				845B472D1BF68FE10043AC08 /* Base */,
			);
			name = Main.storyboard;
			sourceTree = "<group>";
		};
		845B47311BF68FE10043AC08 /* LaunchScreen.storyboard */ = {
			isa = PBXVariantGroup;
			children = (
				845B47321BF68FE10043AC08 /* Base */,
			);
			name = LaunchScreen.storyboard;
			sourceTree = "<group>";
		};
/* End PBXVariantGroup section */

/* Begin XCBuildConfiguration section */
		845B474B1BF68FE20043AC08 /* Debug */ = {
			isa = XCBuildConfiguration;
			buildSettings = {
				ALWAYS_SEARCH_USER_PATHS = NO;
				CLANG_CXX_LANGUAGE_STANDARD = "gnu++0x";
				CLANG_CXX_LIBRARY = "libc++";
				CLANG_ENABLE_MODULES = YES;
				CLANG_ENABLE_OBJC_ARC = YES;
				CLANG_WARN_BOOL_CONVERSION = YES;
				CLANG_WARN_CONSTANT_CONVERSION = YES;
				CLANG_WARN_DIRECT_OBJC_ISA_USAGE = YES_ERROR;
				CLANG_WARN_EMPTY_BODY = YES;
				CLANG_WARN_ENUM_CONVERSION = YES;
				CLANG_WARN_INT_CONVERSION = YES;
				CLANG_WARN_OBJC_ROOT_CLASS = YES_ERROR;
				CLANG_WARN_UNREACHABLE_CODE = YES;
				CLANG_WARN__DUPLICATE_METHOD_MATCH = YES;
				"CODE_SIGN_IDENTITY[sdk=iphoneos*]" = "iPhone Developer";
				COPY_PHASE_STRIP = NO;
				DEBUG_INFORMATION_FORMAT = dwarf;
				ENABLE_STRICT_OBJC_MSGSEND = YES;
				ENABLE_TESTABILITY = YES;
				FRAMEWORK_SEARCH_PATHS = "$(PROJECT_DIR)/**";
				GCC_C_LANGUAGE_STANDARD = gnu99;
				GCC_DYNAMIC_NO_PIC = NO;
				GCC_NO_COMMON_BLOCKS = YES;
				GCC_OPTIMIZATION_LEVEL = 0;
				GCC_PREPROCESSOR_DEFINITIONS = (
					"DEBUG=1",
					"$(inherited)",
				);
				GCC_WARN_64_TO_32_BIT_CONVERSION = YES;
				GCC_WARN_ABOUT_RETURN_TYPE = YES_ERROR;
				GCC_WARN_UNDECLARED_SELECTOR = YES;
				GCC_WARN_UNINITIALIZED_AUTOS = YES_AGGRESSIVE;
				GCC_WARN_UNUSED_FUNCTION = YES;
				GCC_WARN_UNUSED_VARIABLE = YES;
				IPHONEOS_DEPLOYMENT_TARGET = 9.1;
				MTL_ENABLE_DEBUG_INFO = YES;
				ONLY_ACTIVE_ARCH = YES;
				SDKROOT = iphoneos;
				SWIFT_OPTIMIZATION_LEVEL = "-Onone";
			};
			name = Debug;
		};
		845B474C1BF68FE20043AC08 /* Release */ = {
			isa = XCBuildConfiguration;
			buildSettings = {
				ALWAYS_SEARCH_USER_PATHS = NO;
				CLANG_CXX_LANGUAGE_STANDARD = "gnu++0x";
				CLANG_CXX_LIBRARY = "libc++";
				CLANG_ENABLE_MODULES = YES;
				CLANG_ENABLE_OBJC_ARC = YES;
				CLANG_WARN_BOOL_CONVERSION = YES;
				CLANG_WARN_CONSTANT_CONVERSION = YES;
				CLANG_WARN_DIRECT_OBJC_ISA_USAGE = YES_ERROR;
				CLANG_WARN_EMPTY_BODY = YES;
				CLANG_WARN_ENUM_CONVERSION = YES;
				CLANG_WARN_INT_CONVERSION = YES;
				CLANG_WARN_OBJC_ROOT_CLASS = YES_ERROR;
				CLANG_WARN_UNREACHABLE_CODE = YES;
				CLANG_WARN__DUPLICATE_METHOD_MATCH = YES;
				"CODE_SIGN_IDENTITY[sdk=iphoneos*]" = "iPhone Developer";
				COPY_PHASE_STRIP = NO;
				DEBUG_INFORMATION_FORMAT = "dwarf-with-dsym";
				ENABLE_NS_ASSERTIONS = NO;
				ENABLE_STRICT_OBJC_MSGSEND = YES;
				FRAMEWORK_SEARCH_PATHS = "$(PROJECT_DIR)/**";
				GCC_C_LANGUAGE_STANDARD = gnu99;
				GCC_NO_COMMON_BLOCKS = YES;
				GCC_WARN_64_TO_32_BIT_CONVERSION = YES;
				GCC_WARN_ABOUT_RETURN_TYPE = YES_ERROR;
				GCC_WARN_UNDECLARED_SELECTOR = YES;
				GCC_WARN_UNINITIALIZED_AUTOS = YES_AGGRESSIVE;
				GCC_WARN_UNUSED_FUNCTION = YES;
				GCC_WARN_UNUSED_VARIABLE = YES;
				IPHONEOS_DEPLOYMENT_TARGET = 9.1;
				MTL_ENABLE_DEBUG_INFO = NO;
				SDKROOT = iphoneos;
				VALIDATE_PRODUCT = YES;
			};
			name = Release;
		};
		845B474E1BF68FE20043AC08 /* Debug */ = {
			isa = XCBuildConfiguration;
			baseConfigurationReference = D56D9E755ECC9A9C282FB320 /* Pods.debug.xcconfig */;
			buildSettings = {
				ASSETCATALOG_COMPILER_APPICON_NAME = AppIcon;
				ENABLE_BITCODE = NO;
				FRAMEWORK_SEARCH_PATHS = (
					"$(inherited)",
					"$(PROJECT_DIR)/build/Debug-iphoneos",
					"$(PROJECT_DIR)/**",
					"$(PROJECT_DIR)/SpotifyAPITest",
				);
				GCC_PRECOMPILE_PREFIX_HEADER = NO;
				INFOPLIST_FILE = SpotifyAPITest/Info.plist;
				IPHONEOS_DEPLOYMENT_TARGET = 9.1;
				LD_RUNPATH_SEARCH_PATHS = "$(inherited) @executable_path/Frameworks";
				OTHER_LDFLAGS = (
					"$(inherited)",
					"-framework",
					"\"OnePasswordExtension\"",
					"-framework",
					"\"Soundcloud\"",
					"-framework",
					"\"UICKeyChainStore\"",
				);
				PRODUCT_BUNDLE_IDENTIFIER = com.HighPointUniversity.SpotifyAPITest;
				PRODUCT_NAME = "$(TARGET_NAME)";
			};
			name = Debug;
		};
		845B474F1BF68FE20043AC08 /* Release */ = {
			isa = XCBuildConfiguration;
			baseConfigurationReference = 25F37ECB111D65459E373BDD /* Pods.release.xcconfig */;
			buildSettings = {
				ASSETCATALOG_COMPILER_APPICON_NAME = AppIcon;
				ENABLE_BITCODE = NO;
				FRAMEWORK_SEARCH_PATHS = (
					"$(inherited)",
					"$(PROJECT_DIR)/build/Debug-iphoneos",
					"$(PROJECT_DIR)/**",
					"$(PROJECT_DIR)/SpotifyAPITest",
				);
				GCC_PRECOMPILE_PREFIX_HEADER = NO;
				INFOPLIST_FILE = SpotifyAPITest/Info.plist;
				IPHONEOS_DEPLOYMENT_TARGET = 9.1;
				LD_RUNPATH_SEARCH_PATHS = "$(inherited) @executable_path/Frameworks";
				OTHER_LDFLAGS = (
					"$(inherited)",
					"-framework",
					"\"OnePasswordExtension\"",
					"-framework",
					"\"Soundcloud\"",
					"-framework",
					"\"UICKeyChainStore\"",
				);
				PRODUCT_BUNDLE_IDENTIFIER = com.HighPointUniversity.SpotifyAPITest;
				PRODUCT_NAME = "$(TARGET_NAME)";
			};
			name = Release;
		};
		845B47511BF68FE20043AC08 /* Debug */ = {
			isa = XCBuildConfiguration;
			buildSettings = {
				BUNDLE_LOADER = "$(TEST_HOST)";
				INFOPLIST_FILE = SpotifyAPITestTests/Info.plist;
				LD_RUNPATH_SEARCH_PATHS = "$(inherited) @executable_path/Frameworks @loader_path/Frameworks";
				PRODUCT_BUNDLE_IDENTIFIER = com.HighPointUniversity.SpotifyAPITestTests;
				PRODUCT_NAME = "$(TARGET_NAME)";
				TEST_HOST = "$(BUILT_PRODUCTS_DIR)/SpotifyAPITest.app/SpotifyAPITest";
			};
			name = Debug;
		};
		845B47521BF68FE20043AC08 /* Release */ = {
			isa = XCBuildConfiguration;
			buildSettings = {
				BUNDLE_LOADER = "$(TEST_HOST)";
				INFOPLIST_FILE = SpotifyAPITestTests/Info.plist;
				LD_RUNPATH_SEARCH_PATHS = "$(inherited) @executable_path/Frameworks @loader_path/Frameworks";
				PRODUCT_BUNDLE_IDENTIFIER = com.HighPointUniversity.SpotifyAPITestTests;
				PRODUCT_NAME = "$(TARGET_NAME)";
				TEST_HOST = "$(BUILT_PRODUCTS_DIR)/SpotifyAPITest.app/SpotifyAPITest";
			};
			name = Release;
		};
		845B47541BF68FE20043AC08 /* Debug */ = {
			isa = XCBuildConfiguration;
			buildSettings = {
				INFOPLIST_FILE = SpotifyAPITestUITests/Info.plist;
				LD_RUNPATH_SEARCH_PATHS = "$(inherited) @executable_path/Frameworks @loader_path/Frameworks";
				PRODUCT_BUNDLE_IDENTIFIER = com.HighPointUniversity.SpotifyAPITestUITests;
				PRODUCT_NAME = "$(TARGET_NAME)";
				TEST_TARGET_NAME = SpotifyAPITest;
				USES_XCTRUNNER = YES;
			};
			name = Debug;
		};
		845B47551BF68FE20043AC08 /* Release */ = {
			isa = XCBuildConfiguration;
			buildSettings = {
				INFOPLIST_FILE = SpotifyAPITestUITests/Info.plist;
				LD_RUNPATH_SEARCH_PATHS = "$(inherited) @executable_path/Frameworks @loader_path/Frameworks";
				PRODUCT_BUNDLE_IDENTIFIER = com.HighPointUniversity.SpotifyAPITestUITests;
				PRODUCT_NAME = "$(TARGET_NAME)";
				TEST_TARGET_NAME = SpotifyAPITest;
				USES_XCTRUNNER = YES;
			};
			name = Release;
		};
/* End XCBuildConfiguration section */

/* Begin XCConfigurationList section */
		845B47201BF68FE10043AC08 /* Build configuration list for PBXProject "SpotifyAPITest" */ = {
			isa = XCConfigurationList;
			buildConfigurations = (
				845B474B1BF68FE20043AC08 /* Debug */,
				845B474C1BF68FE20043AC08 /* Release */,
			);
			defaultConfigurationIsVisible = 0;
			defaultConfigurationName = Release;
		};
		845B474D1BF68FE20043AC08 /* Build configuration list for PBXNativeTarget "SpotifyAPITest" */ = {
			isa = XCConfigurationList;
			buildConfigurations = (
				845B474E1BF68FE20043AC08 /* Debug */,
				845B474F1BF68FE20043AC08 /* Release */,
			);
			defaultConfigurationIsVisible = 0;
			defaultConfigurationName = Release;
		};
		845B47501BF68FE20043AC08 /* Build configuration list for PBXNativeTarget "SpotifyAPITestTests" */ = {
			isa = XCConfigurationList;
			buildConfigurations = (
				845B47511BF68FE20043AC08 /* Debug */,
				845B47521BF68FE20043AC08 /* Release */,
			);
			defaultConfigurationIsVisible = 0;
			defaultConfigurationName = Release;
		};
		845B47531BF68FE20043AC08 /* Build configuration list for PBXNativeTarget "SpotifyAPITestUITests" */ = {
			isa = XCConfigurationList;
			buildConfigurations = (
				845B47541BF68FE20043AC08 /* Debug */,
				845B47551BF68FE20043AC08 /* Release */,
			);
			defaultConfigurationIsVisible = 0;
			defaultConfigurationName = Release;
		};
/* End XCConfigurationList section */
	};
	rootObject = 845B471D1BF68FE10043AC08 /* Project object */;
}
